
Microsoft Visual Studio Solution File, Format Version 12.00
# Visual Studio Version 17
VisualStudioVersion = 17.7.34031.279
MinimumVisualStudioVersion = 10.0.40219.1
Project("{FAE04EC0-301F-11D3-BF4B-00C04F79EFBC}") = "AdvancedFonctionnalityTest", "AdvancedFonctionnalityTest\AdvancedFonctionnalityTest.csproj", "{CDC44ED2-D3E6-45BE-89B4-E1A2EBFF7EE6}"
EndProject
Global
	GlobalSection(SolutionConfigurationPlatforms) = preSolution
		Debug|Any CPU = Debug|Any CPU
		Release|Any CPU = Release|Any CPU
	EndGlobalSection
	GlobalSection(ProjectConfigurationPlatforms) = postSolution
		{CDC44ED2-D3E6-45BE-89B4-E1A2EBFF7EE6}.Debug|Any CPU.ActiveCfg = Debug|Any CPU
		{CDC44ED2-D3E6-45BE-89B4-E1A2EBFF7EE6}.Debug|Any CPU.Build.0 = Debug|Any CPU
		{CDC44ED2-D3E6-45BE-89B4-E1A2EBFF7EE6}.Release|Any CPU.ActiveCfg = Release|Any CPU
		{CDC44ED2-D3E6-45BE-89B4-E1A2EBFF7EE6}.Release|Any CPU.Build.0 = Release|Any CPU
	EndGlobalSection
	GlobalSection(SolutionProperties) = preSolution
		HideSolutionNode = FALSE
	EndGlobalSection
	GlobalSection(ExtensibilityGlobals) = postSolution
		SolutionGuid = {33BF29AD-98CB-431A-BBF6-B7C7B3CD3A84}
	EndGlobalSection
EndGlobal
